{
  "name": "@gamepad/core",
  "version": "0.0.0",
  "lockfileVersion": 1,
  "requires": true,
  "dependencies": {
    "@types/lodash": {
      "version": "4.14.120",
      "resolved": "https://registry.npmjs.org/@types/lodash/-/lodash-4.14.120.tgz",
      "integrity": "sha512-jQ21kQ120mo+IrDs1nFNVm/AsdFxIx2+vZ347DbogHJPd/JzKNMOqU6HCYin1W6v8l5R9XSO2/e9cxmn7HAnVw=="
    },
    "@types/lodash.isequal": {
      "version": "4.5.3",
      "resolved": "https://registry.npmjs.org/@types/lodash.isequal/-/lodash.isequal-4.5.3.tgz",
      "integrity": "sha512-tpTUmHksO2H9RF98Y2w7v06ZeEKAxHPo2ysL0bV5qv5UBweiZl33NFu5QYmYOSxSnHMqBt/vsVsBVeQAcJiokg==",
      "dev": true,
      "requires": {
        "@types/lodash": "*"
      }
    },
    "@types/lodash.merge": {
      "version": "4.6.4",
      "resolved": "https://registry.npmjs.org/@types/lodash.merge/-/lodash.merge-4.6.4.tgz",
      "integrity": "sha512-usLWpRAicaNbx0VfNDREEgGWvp88inclJLXLJ3NpT83eUE4O05LJdYNRTofHq6pb/NiMZjzNVJHdgPvPzMfu6g==",
      "requires": {
        "@types/lodash": "*"
      }
    },
    "fast-memoize": {
      "version": "2.5.1",
      "resolved": "https://registry.npmjs.org/fast-memoize/-/fast-memoize-2.5.1.tgz",
      "integrity": "sha512-xdmw296PCL01tMOXx9mdJSmWY29jQgxyuZdq0rEHMu+Tpe1eOEtCycoG6chzlcrWsNgpZP7oL8RiQr7+G6Bl6g=="
    },
    "lodash.isequal": {
      "version": "4.5.0",
      "resolved": "https://registry.npmjs.org/lodash.isequal/-/lodash.isequal-4.5.0.tgz",
      "integrity": "sha1-QVxEePK8wwEgwizhDtMib30+GOA="
    },
    "lodash.merge": {
      "version": "4.6.1",
      "resolved": "https://registry.npmjs.org/lodash.merge/-/lodash.merge-4.6.1.tgz",
      "integrity": "sha512-AOYza4+Hf5z1/0Hztxpm2/xiPZgi/cjMqdnKTUWTBSKchJlxXXuUSxCCl8rJlf4g6yww/j6mA8nC8Hw/EZWxKQ==",
      "dev": true
    }
  }
}
